
Microsoft Visual Studio Solution File, Format Version 12.00
# Visual Studio Version 16
VisualStudioVersion = 16.0.30503.244
MinimumVisualStudioVersion = 10.0.40219.1
Project("{FAE04EC0-301F-11D3-BF4B-00C04F79EFBC}") = "MyMenuDemo", "MyMenuDemo\MyMenuDemo.csproj", "{AC3A9FE5-61A7-4ABB-8280-DB113A3F60D7}"
EndProject
Global
	GlobalSection(SolutionConfigurationPlatforms) = preSolution
		Debug|Any CPU = Debug|Any CPU
		Release|Any CPU = Release|Any CPU
	EndGlobalSection
	GlobalSection(ProjectConfigurationPlatforms) = postSolution
		{AC3A9FE5-61A7-4ABB-8280-DB113A3F60D7}.Debug|Any CPU.ActiveCfg = Debug|Any CPU
		{AC3A9FE5-61A7-4ABB-8280-DB113A3F60D7}.Debug|Any CPU.Build.0 = Debug|Any CPU
		{AC3A9FE5-61A7-4ABB-8280-DB113A3F60D7}.Release|Any CPU.ActiveCfg = Release|Any CPU
		{AC3A9FE5-61A7-4ABB-8280-DB113A3F60D7}.Release|Any CPU.Build.0 = Release|Any CPU
	EndGlobalSection
	GlobalSection(SolutionProperties) = preSolution
		HideSolutionNode = FALSE
	EndGlobalSection
	GlobalSection(ExtensibilityGlobals) = postSolution
		SolutionGuid = {C073F891-124F-42CA-89B4-2A81257D000A}
	EndGlobalSection
EndGlobal
